# THIS IS AN AUTOGENERATED FILE. DO NOT EDIT THIS FILE DIRECTLY.
# yarn lockfile v1


"@nestjs/cache-manager@^2.1.0":
  version "2.2.2"
  resolved "https://registry.yarnpkg.com/@nestjs/cache-manager/-/cache-manager-2.2.2.tgz#4b0e7c4112c7b8c2a869d64f998aaf8a1bf0040d"
  integrity sha512-+n7rpU1QABeW2WV17Dl1vZCG3vWjJU1MaamWgZvbGxYE9EeCM0lVLfw3z7acgDTNwOy+K68xuQPoIMxD0bhjlA==

"@types/body-parser@*":
  version "1.19.5"
  resolved "https://registry.yarnpkg.com/@types/body-parser/-/body-parser-1.19.5.tgz#04ce9a3b677dc8bd681a17da1ab9835dc9d3ede4"
  integrity sha512-fB3Zu92ucau0iQ0JMCFQE7b/dv8Ot07NI3KaZIkIUNXq82k4eBAqUaneXfleGY9JWskeS9y+u0nXMyspcuQrCg==
  dependencies:
    "@types/connect" "*"
    "@types/node" "*"

"@types/connect@*":
  version "3.4.38"
  resolved "https://registry.yarnpkg.com/@types/connect/-/connect-3.4.38.tgz#5ba7f3bc4fbbdeaff8dded952e5ff2cc53f8d858"
  integrity sha512-K6uROf1LD88uDQqJCktA4yzL1YYAK6NgfsI0v/mTgyPKWsX1CnJ0XPSDhViejru1GcRkLWb8RlzFYJRqGUbaug==
  dependencies:
    "@types/node" "*"

"@types/express-serve-static-core@^5.0.0":
  version "5.0.0"
  resolved "https://registry.yarnpkg.com/@types/express-serve-static-core/-/express-serve-static-core-5.0.0.tgz#91f06cda1049e8f17eeab364798ed79c97488a1c"
  integrity sha512-AbXMTZGt40T+KON9/Fdxx0B2WK5hsgxcfXJLr5bFpZ7b4JCex2WyQPTEKdXqfHiY5nKKBScZ7yCoO6Pvgxfvnw==
  dependencies:
    "@types/node" "*"
    "@types/qs" "*"
    "@types/range-parser" "*"
    "@types/send" "*"

"@types/express@*", "@types/express@^5.0.0":
  version "5.0.0"
  resolved "https://registry.yarnpkg.com/@types/express/-/express-5.0.0.tgz#13a7d1f75295e90d19ed6e74cab3678488eaa96c"
  integrity sha512-DvZriSMehGHL1ZNLzi6MidnsDhUZM/x2pRdDIKdwbUNqqwHxMlRdkxtn6/EPKyqKpHqTl/4nRZsRNLpZxZRpPQ==
  dependencies:
    "@types/body-parser" "*"
    "@types/express-serve-static-core" "^5.0.0"
    "@types/qs" "*"
    "@types/serve-static" "*"

"@types/http-errors@*":
  version "2.0.4"
  resolved "https://registry.yarnpkg.com/@types/http-errors/-/http-errors-2.0.4.tgz#7eb47726c391b7345a6ec35ad7f4de469cf5ba4f"
  integrity sha512-D0CFMMtydbJAegzOyHjtiKPLlvnm3iTZyZRSZoLq2mRhDdmLfIWOCYPfQJ4cu2erKghU++QvjcUjp/5h7hESpA==

"@types/mime@^1":
  version "1.3.5"
  resolved "https://registry.yarnpkg.com/@types/mime/-/mime-1.3.5.tgz#1ef302e01cf7d2b5a0fa526790c9123bf1d06690"
  integrity sha512-/pyBZWSLD2n0dcHE3hq8s8ZvcETHtEuF+3E7XVt0Ig2nvsVQXdghHVcEkIWjy9A0wKfTn97a/PSDYohKIlnP/w==

"@types/multer@^1.4.12":
  version "1.4.12"
  resolved "https://registry.yarnpkg.com/@types/multer/-/multer-1.4.12.tgz#da67bd0c809f3a63fe097c458c0d4af1fea50ab7"
  integrity sha512-pQ2hoqvXiJt2FP9WQVLPRO+AmiIm/ZYkavPlIQnx282u4ZrVdztx0pkh3jjpQt0Kz+YI0YhSG264y08UJKoUQg==
  dependencies:
    "@types/express" "*"

"@types/node@*":
  version "22.7.5"
  resolved "https://registry.yarnpkg.com/@types/node/-/node-22.7.5.tgz#cfde981727a7ab3611a481510b473ae54442b92b"
  integrity sha512-jML7s2NAzMWc//QSJ1a3prpk78cOPchGvXJsC3C6R6PSMoooztvRVQEz89gmBTBY1SPMaqo5teB4uNHPdetShQ==
  dependencies:
    undici-types "~6.19.2"

"@types/qs@*":
  version "6.9.16"
  resolved "https://registry.yarnpkg.com/@types/qs/-/qs-6.9.16.tgz#52bba125a07c0482d26747d5d4947a64daf8f794"
  integrity sha512-7i+zxXdPD0T4cKDuxCUXJ4wHcsJLwENa6Z3dCu8cfCK743OGy5Nu1RmAGqDPsoTDINVEcdXKRvR/zre+P2Ku1A==

"@types/range-parser@*":
  version "1.2.7"
  resolved "https://registry.yarnpkg.com/@types/range-parser/-/range-parser-1.2.7.tgz#50ae4353eaaddc04044279812f52c8c65857dbcb"
  integrity sha512-hKormJbkJqzQGhziax5PItDUTMAM9uE2XXQmM37dyd4hVM+5aVl7oVxMVUiVQn2oCQFN/LKCZdvSM0pFRqbSmQ==

"@types/send@*":
  version "0.17.4"
  resolved "https://registry.yarnpkg.com/@types/send/-/send-0.17.4.tgz#6619cd24e7270793702e4e6a4b958a9010cfc57a"
  integrity sha512-x2EM6TJOybec7c52BX0ZspPodMsQUd5L6PRwOunVyVUhXiBSKf3AezDL8Dgvgt5o0UfKNfuA0eMLr2wLT4AiBA==
  dependencies:
    "@types/mime" "^1"
    "@types/node" "*"

"@types/serve-static@*":
  version "1.15.7"
  resolved "https://registry.yarnpkg.com/@types/serve-static/-/serve-static-1.15.7.tgz#22174bbd74fb97fe303109738e9b5c2f3064f714"
  integrity sha512-W8Ym+h8nhuRwaKPaDw34QUkwsGi6Rc4yYqvKFo5rm2FUEhCFbzVWrxXUxuKK8TASjWsysJY0nsmNCGhCOIsrOw==
  dependencies:
    "@types/http-errors" "*"
    "@types/node" "*"
    "@types/send" "*"

cache-manager@^5.2.0:
  version "5.7.6"
  resolved "https://registry.yarnpkg.com/cache-manager/-/cache-manager-5.7.6.tgz#bdd8a154c73e5233824aa09ceb359ed225d37b7e"
  integrity sha512-wBxnBHjDxF1RXpHCBD6HGvKER003Ts7IIm0CHpggliHzN1RZditb7rXoduE1rplc2DEFYKxhLKgFuchXMJje9w==
  dependencies:
    eventemitter3 "^5.0.1"
    lodash.clonedeep "^4.5.0"
    lru-cache "^10.2.2"
    promise-coalesce "^1.1.2"

eventemitter3@^5.0.1:
  version "5.0.1"
  resolved "https://registry.yarnpkg.com/eventemitter3/-/eventemitter3-5.0.1.tgz#53f5ffd0a492ac800721bb42c66b841de96423c4"
  integrity sha512-GWkBvjiSZK87ELrYOSESUYeVIc9mvLLf/nXalMOS5dYrgZq9o5OVkbZAVM06CVxYsCwH9BDZFPlQTlPA1j4ahA==

lodash.clonedeep@^4.5.0:
  version "4.5.0"
  resolved "https://registry.yarnpkg.com/lodash.clonedeep/-/lodash.clonedeep-4.5.0.tgz#e23f3f9c4f8fbdde872529c1071857a086e5ccef"
  integrity sha512-H5ZhCF25riFd9uB5UCkVKo61m3S/xZk1x4wA6yp/L3RFP6Z/eHH1ymQcGLo7J3GMPfm0V/7m1tryHuGVxpqEBQ==

lru-cache@^10.2.2:
  version "10.4.3"
  resolved "https://registry.yarnpkg.com/lru-cache/-/lru-cache-10.4.3.tgz#410fc8a17b70e598013df257c2446b7f3383f119"
  integrity sha512-JNAzZcXrCt42VGLuYz0zfAzDfAvJWW6AfYlDBQyDV5DClI2m5sAmK+OIO7s59XfsRsWHp02jAJrRadPRGTt6SQ==

promise-coalesce@^1.1.2:
  version "1.1.2"
  resolved "https://registry.yarnpkg.com/promise-coalesce/-/promise-coalesce-1.1.2.tgz#5d3bc4d0b2cf2e41e9df7cbeb6519b2a09459e3d"
  integrity sha512-zLaJ9b8hnC564fnJH6NFSOGZYYdzrAJn2JUUIwzoQb32fG2QAakpDNM+CZo1km6keXkRXRM+hml1BFAPVnPkxg==

undici-types@~6.19.2:
  version "6.19.8"
  resolved "https://registry.yarnpkg.com/undici-types/-/undici-types-6.19.8.tgz#35111c9d1437ab83a7cdc0abae2f26d88eda0a02"
  integrity sha512-ve2KP6f/JnbPBFyobGHuerC9g1FYGn/F8n1LWTwNxCEzd6IfqTwUQcNXgEtmmQ6DlRrC1hrSrBnCZPokRrDHjw==
